# This file is automatically @generated by Cargo.
# It is not intended for manual editing.
[[package]]
name = "about"
version = "0.1.0"

[[package]]
name = "adding_custom_failure_messages"
version = "0.1.0"

[[package]]
name = "arc1"
version = "0.1.0"
dependencies = [
 "escargot",
]

[[package]]
name = "arrays"
version = "0.1.0"

[[package]]
name = "assert"
version = "0.1.0"

[[package]]
name = "assert_eq"
version = "0.1.0"

[[package]]
name = "boolean"
version = "0.1.0"

[[package]]
name = "borrow"
version = "0.1.0"

[[package]]
name = "bringing_paths_into_scope_with_the_use_keyword"
version = "0.1.0"

[[package]]
name = "calculate_price"
version = "0.1.0"

[[package]]
name = "calling_a_macro"
version = "0.1.0"

[[package]]
name = "cfg-if"
version = "0.1.10"
source = "registry+https://github.com/rust-lang/crates.io-index"
checksum = "4785bdd1c96b2a846b2bd7cc02e86b6b3dbf14e7e53446c4f54c92a361040822"

[[package]]
name = "charcaters"
version = "0.1.0"

[[package]]
name = "compound_types"
version = "0.1.0"

[[package]]
name = "defining_a_function"
version = "0.1.0"

[[package]]
name = "differences_between_variables_and_constants"
version = "0.1.0"

[[package]]
name = "else_if"
version = "0.1.0"

[[package]]
name = "error_handling_intro"
version = "0.1.0"

[[package]]
name = "errorsn"
version = "0.1.0"

[[package]]
name = "escargot"
version = "0.5.0"
source = "registry+https://github.com/rust-lang/crates.io-index"
checksum = "74cf96bec282dcdb07099f7e31d9fed323bca9435a09aba7b6d99b7617bca96d"
dependencies = [
 "lazy_static",
 "log",
 "serde",
 "serde_json",
]

[[package]]
name = "extensible_concurrency_with_the_sync_and_send_traits"
version = "0.1.0"

[[package]]
name = "functions_intro"
version = "0.1.0"

[[package]]
name = "generic_data_types"
version = "0.1.0"

[[package]]
name = "hello_world"
version = "0.1.0"
dependencies = [
 "escargot",
]

[[package]]
name = "if_intro"
version = "0.1.0"

[[package]]
name = "if_task"
version = "0.1.0"

[[package]]
name = "installation"
version = "0.1.0"

[[package]]
name = "iterator3"
version = "0.1.0"

[[package]]
name = "iterators4"
version = "0.1.0"

[[package]]
name = "itoa"
version = "0.4.5"
source = "registry+https://github.com/rust-lang/crates.io-index"
checksum = "b8b7a7c0c47db5545ed3fef7468ee7bb5b74691498139e4b3f6a20685dc6dd8e"

[[package]]
name = "lazy_static"
version = "1.4.0"
source = "registry+https://github.com/rust-lang/crates.io-index"
checksum = "e2abad23fbc42b3700f2f279844dc832adb2b2eb069b2df918f455c4e18cc646"

[[package]]
name = "log"
version = "0.4.8"
source = "registry+https://github.com/rust-lang/crates.io-index"
checksum = "14b6052be84e6b71ab17edffc2eeabf5c2c3ae1fdb464aae35ac50c67a44e1f7"
dependencies = [
 "cfg-if",
]

[[package]]
name = "macro_arms"
version = "0.1.0"

[[package]]
name = "macro_test"
version = "0.1.0"

[[package]]
name = "macros2"
version = "0.1.0"

[[package]]
name = "macros3"
version = "0.1.0"

[[package]]
name = "macros_intro"
version = "0.1.0"

[[package]]
name = "matching_result"
version = "0.1.0"

[[package]]
name = "matching_result_2"
version = "0.1.0"

[[package]]
name = "modules_intro"
version = "0.1.0"

[[package]]
name = "move_semantics_intro"
version = "0.1.0"

[[package]]
name = "mutable"
version = "0.1.0"
dependencies = [
 "escargot",
]

[[package]]
name = "mutable_argument"
version = "0.1.0"
dependencies = [
 "escargot",
]

[[package]]
name = "option"
version = "0.1.0"
dependencies = [
 "escargot",
]

[[package]]
name = "passing_an_argument"
version = "0.1.0"

[[package]]
name = "paths_for_referring_to_an_item_in_the_module_tree"
version = "0.1.0"

[[package]]
name = "proc-macro2"
version = "1.0.18"
source = "registry+https://github.com/rust-lang/crates.io-index"
checksum = "beae6331a816b1f65d04c45b078fd8e6c93e8071771f41b8163255bbd8d7c8fa"
dependencies = [
 "unicode-xid",
]

[[package]]
name = "public_modifier"
version = "0.1.0"
dependencies = [
 "escargot",
]

[[package]]
name = "public_modifier_2"
version = "0.1.0"
dependencies = [
 "escargot",
]

[[package]]
name = "quote"
version = "1.0.7"
source = "registry+https://github.com/rust-lang/crates.io-index"
checksum = "aa563d17ecb180e500da1cfd2b028310ac758de548efdd203e18f283af693f37"
dependencies = [
 "proc-macro2",
]

[[package]]
name = "recoverable_errors_with_result"
version = "0.1.0"

[[package]]
name = "references_and_borrowing"
version = "0.1.0"

[[package]]
name = "repetition_with_loops"
version = "0.1.0"

[[package]]
name = "result1"
version = "0.1.0"

[[package]]
name = "return_a_value"
version = "0.1.0"

[[package]]
name = "return_type"
version = "0.1.0"

[[package]]
name = "returning_a_string"
version = "0.1.0"

[[package]]
name = "returning_result"
version = "0.1.0"

[[package]]
name = "ryu"
version = "1.0.5"
source = "registry+https://github.com/rust-lang/crates.io-index"
checksum = "71d301d4193d031abdd79ff7e3dd721168a9572ef3fe51a1517aba235bd8f86e"

[[package]]
name = "scalar_types"
version = "0.1.0"

[[package]]
name = "separating_modules_into_different_files"
version = "0.1.0"

[[package]]
name = "serde"
version = "1.0.111"
source = "registry+https://github.com/rust-lang/crates.io-index"
checksum = "c9124df5b40cbd380080b2cc6ab894c040a3070d995f5c9dc77e18c34a8ae37d"
dependencies = [
 "serde_derive",
]

[[package]]
name = "serde_derive"
version = "1.0.111"
source = "registry+https://github.com/rust-lang/crates.io-index"
checksum = "3f2c3ac8e6ca1e9c80b8be1023940162bf81ae3cffbb1809474152f2ce1eb250"
dependencies = [
 "proc-macro2",
 "quote",
 "syn",
]

[[package]]
name = "serde_json"
version = "1.0.55"
source = "registry+https://github.com/rust-lang/crates.io-index"
checksum = "ec2c5d7e739bc07a3e73381a39d61fdb5f671c60c1df26a130690665803d8226"
dependencies = [
 "itoa",
 "ryu",
 "serde",
]

[[package]]
name = "shadowing"
version = "0.1.0"

[[package]]
name = "shared_state_concurrency"
version = "0.1.0"

[[package]]
name = "slices"
version = "0.1.0"
dependencies = [
 "escargot",
]

[[package]]
name = "statements_and_expressions"
version = "0.1.0"

[[package]]
name = "stdlib_intro"
version = "0.1.0"

[[package]]
name = "string_slice"
version = "0.1.0"

[[package]]
name = "strings_and_strs"
version = "0.1.0"
dependencies = [
 "escargot",
]

[[package]]
name = "strings_intro"
version = "0.1.0"

[[package]]
name = "syn"
version = "1.0.31"
source = "registry+https://github.com/rust-lang/crates.io-index"
checksum = "b5304cfdf27365b7585c25d4af91b35016ed21ef88f17ced89c7093b43dba8b6"
dependencies = [
 "proc-macro2",
 "quote",
 "unicode-xid",
]

[[package]]
name = "testing_task"
version = "0.1.0"

[[package]]
name = "tests_intro"
version = "0.1.0"

[[package]]
name = "the_slice_type"
version = "0.1.0"

[[package]]
name = "threads"
version = "0.1.0"
dependencies = [
 "escargot",
]

[[package]]
name = "threads_intro"
version = "0.1.0"

[[package]]
name = "times_two_tests"
version = "0.1.0"

[[package]]
name = "tuple_index"
version = "0.1.0"
dependencies = [
 "escargot",
]

[[package]]
name = "tuples"
version = "0.1.0"
dependencies = [
 "escargot",
]

[[package]]
name = "type_annotation_of_a_parameter"
version = "0.1.0"

[[package]]
name = "unicode-xid"
version = "0.2.0"
source = "registry+https://github.com/rust-lang/crates.io-index"
checksum = "826e7639553986605ec5979c7dd957c7895e93eabed50ab2ffa7f6128a75097c"

[[package]]
name = "using_message_passing_to_transfer_data_between_threads"
version = "0.1.0"

[[package]]
name = "variables1"
version = "0.1.0"

[[package]]
name = "variables2"
version = "0.1.0"

[[package]]
name = "variables3"
version = "0.1.0"

[[package]]
name = "variables4"
version = "0.1.0"

[[package]]
name = "variables_and_mutability"
version = "0.1.0"

[[package]]
name = "variables_intro"
version = "0.1.0"

[[package]]
name = "without_arguments"
version = "0.1.0"
dependencies = [
 "escargot",
]
